
Microsoft Visual Studio Solution File, Format Version 12.00
# Visual Studio Version 16
VisualStudioVersion = 16.0.29306.81
MinimumVisualStudioVersion = 10.0.40219.1
Project("{FAE04EC0-301F-11D3-BF4B-00C04F79EFBC}") = "Open-Lab-2.2", "Open-Lab-2.2\Open-Lab-2.2.csproj", "{0903A1AD-A8C1-4932-8C61-19BB2AE219BC}"
EndProject
Global
	GlobalSection(SolutionConfigurationPlatforms) = preSolution
		Debug|Any CPU = Debug|Any CPU
		Release|Any CPU = Release|Any CPU
	EndGlobalSection
	GlobalSection(ProjectConfigurationPlatforms) = postSolution
		{0903A1AD-A8C1-4932-8C61-19BB2AE219BC}.Debug|Any CPU.ActiveCfg = Debug|Any CPU
		{0903A1AD-A8C1-4932-8C61-19BB2AE219BC}.Debug|Any CPU.Build.0 = Debug|Any CPU
		{0903A1AD-A8C1-4932-8C61-19BB2AE219BC}.Release|Any CPU.ActiveCfg = Release|Any CPU
		{0903A1AD-A8C1-4932-8C61-19BB2AE219BC}.Release|Any CPU.Build.0 = Release|Any CPU
	EndGlobalSection
	GlobalSection(SolutionProperties) = preSolution
		HideSolutionNode = FALSE
	EndGlobalSection
	GlobalSection(ExtensibilityGlobals) = postSolution
		SolutionGuid = {64C4F19E-010D-4981-8A10-6171CA2996E3}
	EndGlobalSection
EndGlobal
